
Microsoft Visual Studio Solution File, Format Version 12.00
# Visual Studio Version 16
VisualStudioVersion = 16.0.29911.84
MinimumVisualStudioVersion = 10.0.40219.1
Project("{FAE04EC0-301F-11D3-BF4B-00C04F79EFBC}") = "Аптека", "Аптека\Аптека.csproj", "{304A3A57-02A8-4277-A15A-2C2901E2E1BA}"
EndProject
Global
	GlobalSection(SolutionConfigurationPlatforms) = preSolution
		Debug|Any CPU = Debug|Any CPU
		Release|Any CPU = Release|Any CPU
	EndGlobalSection
	GlobalSection(ProjectConfigurationPlatforms) = postSolution
		{304A3A57-02A8-4277-A15A-2C2901E2E1BA}.Debug|Any CPU.ActiveCfg = Debug|Any CPU
		{304A3A57-02A8-4277-A15A-2C2901E2E1BA}.Debug|Any CPU.Build.0 = Debug|Any CPU
		{304A3A57-02A8-4277-A15A-2C2901E2E1BA}.Release|Any CPU.ActiveCfg = Release|Any CPU
		{304A3A57-02A8-4277-A15A-2C2901E2E1BA}.Release|Any CPU.Build.0 = Release|Any CPU
	EndGlobalSection
	GlobalSection(SolutionProperties) = preSolution
		HideSolutionNode = FALSE
	EndGlobalSection
	GlobalSection(ExtensibilityGlobals) = postSolution
		SolutionGuid = {7A79433A-FE77-4AD5-A045-2A69930986CE}
	EndGlobalSection
EndGlobal
